// !$*UTF8*$!
{
	archiveVersion = 1;
	classes = {
	};
	objectVersion = 48;
	objects = {

/* Begin PBXBuildFile section */
		D1506BB020052D3C001E072D /* AppDelegate.swift in Sources */ = {isa = PBXBuildFile; fileRef = D1506BAF20052D3C001E072D /* AppDelegate.swift */; };
		D1506BB220052D3C001E072D /* ViewController.swift in Sources */ = {isa = PBXBuildFile; fileRef = D1506BB120052D3C001E072D /* ViewController.swift */; };
		D1506BB520052D3C001E072D /* Main.storyboard in Resources */ = {isa = PBXBuildFile; fileRef = D1506BB320052D3C001E072D /* Main.storyboard */; };
		D1506BB720052D3C001E072D /* Assets.xcassets in Resources */ = {isa = PBXBuildFile; fileRef = D1506BB620052D3C001E072D /* Assets.xcassets */; };
		D1506BBA20052D3C001E072D /* LaunchScreen.storyboard in Resources */ = {isa = PBXBuildFile; fileRef = D1506BB820052D3C001E072D /* LaunchScreen.storyboard */; };
		D1506BC520052D3C001E072D /* TipCalculatorTests.swift in Sources */ = {isa = PBXBuildFile; fileRef = D1506BC420052D3C001E072D /* TipCalculatorTests.swift */; };
		D1506BD020052D3C001E072D /* TipCalculatorUITests.swift in Sources */ = {isa = PBXBuildFile; fileRef = D1506BCF20052D3C001E072D /* TipCalculatorUITests.swift */; };
		D1506C1820059084001E072D /* newView.swift in Sources */ = {isa = PBXBuildFile; fileRef = D1506C1720059084001E072D /* newView.swift */; };
/* End PBXBuildFile section */

/* Begin PBXContainerItemProxy section */
		D1506BC120052D3C001E072D /* PBXContainerItemProxy */ = {
			isa = PBXContainerItemProxy;
			containerPortal = D1506BA420052D3C001E072D /* Project object */;
			proxyType = 1;
			remoteGlobalIDString = D1506BAB20052D3C001E072D;
			remoteInfo = TipCalculator;
		};
		D1506BCC20052D3C001E072D /* PBXContainerItemProxy */ = {
			isa = PBXContainerItemProxy;
			containerPortal = D1506BA420052D3C001E072D /* Project object */;
			proxyType = 1;
			remoteGlobalIDString = D1506BAB20052D3C001E072D;
			remoteInfo = TipCalculator;
		};
/* End PBXContainerItemProxy section */

/* Begin PBXFileReference section */
		D1506BAC20052D3C001E072D /* TipCalculator.app */ = {isa = PBXFileReference; explicitFileType = wrapper.application; includeInIndex = 0; path = TipCalculator.app; sourceTree = BUILT_PRODUCTS_DIR; };
		D1506BAF20052D3C001E072D /* AppDelegate.swift */ = {isa = PBXFileReference; lastKnownFileType = sourcecode.swift; path = AppDelegate.swift; sourceTree = "<group>"; };
		D1506BB120052D3C001E072D /* ViewController.swift */ = {isa = PBXFileReference; lastKnownFileType = sourcecode.swift; path = ViewController.swift; sourceTree = "<group>"; };
		D1506BB420052D3C001E072D /* Base */ = {isa = PBXFileReference; lastKnownFileType = file.storyboard; name = Base; path = Base.lproj/Main.storyboard; sourceTree = "<group>"; };
		D1506BB620052D3C001E072D /* Assets.xcassets */ = {isa = PBXFileReference; lastKnownFileType = folder.assetcatalog; path = Assets.xcassets; sourceTree = "<group>"; };
		D1506BB920052D3C001E072D /* Base */ = {isa = PBXFileReference; lastKnownFileType = file.storyboard; name = Base; path = Base.lproj/LaunchScreen.storyboard; sourceTree = "<group>"; };
		D1506BBB20052D3C001E072D /* Info.plist */ = {isa = PBXFileReference; lastKnownFileType = text.plist.xml; path = Info.plist; sourceTree = "<group>"; };
		D1506BC020052D3C001E072D /* TipCalculatorTests.xctest */ = {isa = PBXFileReference; explicitFileType = wrapper.cfbundle; includeInIndex = 0; path = TipCalculatorTests.xctest; sourceTree = BUILT_PRODUCTS_DIR; };
		D1506BC420052D3C001E072D /* TipCalculatorTests.swift */ = {isa = PBXFileReference; lastKnownFileType = sourcecode.swift; path = TipCalculatorTests.swift; sourceTree = "<group>"; };
		D1506BC620052D3C001E072D /* Info.plist */ = {isa = PBXFileReference; lastKnownFileType = text.plist.xml; path = Info.plist; sourceTree = "<group>"; };
		D1506BCB20052D3C001E072D /* TipCalculatorUITests.xctest */ = {isa = PBXFileReference; explicitFileType = wrapper.cfbundle; includeInIndex = 0; path = TipCalculatorUITests.xctest; sourceTree = BUILT_PRODUCTS_DIR; };
		D1506BCF20052D3C001E072D /* TipCalculatorUITests.swift */ = {isa = PBXFileReference; lastKnownFileType = sourcecode.swift; path = TipCalculatorUITests.swift; sourceTree = "<group>"; };
		D1506BD120052D3C001E072D /* Info.plist */ = {isa = PBXFileReference; lastKnownFileType = text.plist.xml; path = Info.plist; sourceTree = "<group>"; };
		D1506C1720059084001E072D /* newView.swift */ = {isa = PBXFileReference; lastKnownFileType = sourcecode.swift; path = newView.swift; sourceTree = "<group>"; };
/* End PBXFileReference section */

/* Begin PBXFrameworksBuildPhase section */
		D1506BA920052D3C001E072D /* Frameworks */ = {
			isa = PBXFrameworksBuildPhase;
			buildActionMask = 2147483647;
			files = (
			);
			runOnlyForDeploymentPostprocessing = 0;
		};
		D1506BBD20052D3C001E072D /* Frameworks */ = {
			isa = PBXFrameworksBuildPhase;
			buildActionMask = 2147483647;
			files = (
			);
			runOnlyForDeploymentPostprocessing = 0;
		};
		D1506BC820052D3C001E072D /* Frameworks */ = {
			isa = PBXFrameworksBuildPhase;
			buildActionMask = 2147483647;
			files = (
			);
			runOnlyForDeploymentPostprocessing = 0;
		};
/* End PBXFrameworksBuildPhase section */

/* Begin PBXGroup section */
		D1506BA320052D3C001E072D = {
			isa = PBXGroup;
			children = (
				D1506BAE20052D3C001E072D /* TipCalculator */,
				D1506BC320052D3C001E072D /* TipCalculatorTests */,
				D1506BCE20052D3C001E072D /* TipCalculatorUITests */,
				D1506BAD20052D3C001E072D /* Products */,
			);
			sourceTree = "<group>";
		};
		D1506BAD20052D3C001E072D /* Products */ = {
			isa = PBXGroup;
			children = (
				D1506BAC20052D3C001E072D /* TipCalculator.app */,
				D1506BC020052D3C001E072D /* TipCalculatorTests.xctest */,
				D1506BCB20052D3C001E072D /* TipCalculatorUITests.xctest */,
			);
			name = Products;
			sourceTree = "<group>";
		};
		D1506BAE20052D3C001E072D /* TipCalculator */ = {
			isa = PBXGroup;
			children = (
				D1506BAF20052D3C001E072D /* AppDelegate.swift */,
				D1506BB120052D3C001E072D /* ViewController.swift */,
				D1506BB320052D3C001E072D /* Main.storyboard */,
				D1506BB620052D3C001E072D /* Assets.xcassets */,
				D1506BB820052D3C001E072D /* LaunchScreen.storyboard */,
				D1506BBB20052D3C001E072D /* Info.plist */,
				D1506C1720059084001E072D /* newView.swift */,
			);
			path = TipCalculator;
			sourceTree = "<group>";
		};
		D1506BC320052D3C001E072D /* TipCalculatorTests */ = {
			isa = PBXGroup;
			children = (
				D1506BC420052D3C001E072D /* TipCalculatorTests.swift */,
				D1506BC620052D3C001E072D /* Info.plist */,
			);
			path = TipCalculatorTests;
			sourceTree = "<group>";
		};
		D1506BCE20052D3C001E072D /* TipCalculatorUITests */ = {
			isa = PBXGroup;
			children = (
				D1506BCF20052D3C001E072D /* TipCalculatorUITests.swift */,
				D1506BD120052D3C001E072D /* Info.plist */,
			);
			path = TipCalculatorUITests;
			sourceTree = "<group>";
		};
/* End PBXGroup section */

/* Begin PBXNativeTarget section */
		D1506BAB20052D3C001E072D /* TipCalculator */ = {
			isa = PBXNativeTarget;
			buildConfigurationList = D1506BD420052D3C001E072D /* Build configuration list for PBXNativeTarget "TipCalculator" */;
			buildPhases = (
				D1506BA820052D3C001E072D /* Sources */,
				D1506BA920052D3C001E072D /* Frameworks */,
				D1506BAA20052D3C001E072D /* Resources */,
			);
			buildRules = (
			);
			dependencies = (
			);
			name = TipCalculator;
			productName = TipCalculator;
			productReference = D1506BAC20052D3C001E072D /* TipCalculator.app */;
			productType = "com.apple.product-type.application";
		};
		D1506BBF20052D3C001E072D /* TipCalculatorTests */ = {
			isa = PBXNativeTarget;
			buildConfigurationList = D1506BD720052D3C001E072D /* Build configuration list for PBXNativeTarget "TipCalculatorTests" */;
			buildPhases = (
				D1506BBC20052D3C001E072D /* Sources */,
				D1506BBD20052D3C001E072D /* Frameworks */,
				D1506BBE20052D3C001E072D /* Resources */,
			);
			buildRules = (
			);
			dependencies = (
				D1506BC220052D3C001E072D /* PBXTargetDependency */,
			);
			name = TipCalculatorTests;
			productName = TipCalculatorTests;
			productReference = D1506BC020052D3C001E072D /* TipCalculatorTests.xctest */;
			productType = "com.apple.product-type.bundle.unit-test";
		};
		D1506BCA20052D3C001E072D /* TipCalculatorUITests */ = {
			isa = PBXNativeTarget;
			buildConfigurationList = D1506BDA20052D3C001E072D /* Build configuration list for PBXNativeTarget "TipCalculatorUITests" */;
			buildPhases = (
				D1506BC720052D3C001E072D /* Sources */,
				D1506BC820052D3C001E072D /* Frameworks */,
				D1506BC920052D3C001E072D /* Resources */,
			);
			buildRules = (
			);
			dependencies = (
				D1506BCD20052D3C001E072D /* PBXTargetDependency */,
			);
			name = TipCalculatorUITests;
			productName = TipCalculatorUITests;
			productReference = D1506BCB20052D3C001E072D /* TipCalculatorUITests.xctest */;
			productType = "com.apple.product-type.bundle.ui-testing";
		};
/* End PBXNativeTarget section */

/* Begin PBXProject section */
		D1506BA420052D3C001E072D /* Project object */ = {
			isa = PBXProject;
			attributes = {
				LastSwiftUpdateCheck = 0910;
				LastUpgradeCheck = 0910;
				ORGANIZATIONNAME = "Pallav Kamojjhala";
				TargetAttributes = {
					D1506BAB20052D3C001E072D = {
						CreatedOnToolsVersion = 9.1;
						ProvisioningStyle = Automatic;
					};
					D1506BBF20052D3C001E072D = {
						CreatedOnToolsVersion = 9.1;
						ProvisioningStyle = Automatic;
						TestTargetID = D1506BAB20052D3C001E072D;
					};
					D1506BCA20052D3C001E072D = {
						CreatedOnToolsVersion = 9.1;
						ProvisioningStyle = Automatic;
						TestTargetID = D1506BAB20052D3C001E072D;
					};
				};
			};
			buildConfigurationList = D1506BA720052D3C001E072D /* Build configuration list for PBXProject "TipCalculator" */;
			compatibilityVersion = "Xcode 8.0";
			developmentRegion = en;
			hasScannedForEncodings = 0;
			knownRegions = (
				en,
				Base,
			);
			mainGroup = D1506BA320052D3C001E072D;
			productRefGroup = D1506BAD20052D3C001E072D /* Products */;
			projectDirPath = "";
			projectRoot = "";
			targets = (
				D1506BAB20052D3C001E072D /* TipCalculator */,
				D1506BBF20052D3C001E072D /* TipCalculatorTests */,
				D1506BCA20052D3C001E072D /* TipCalculatorUITests */,
			);
		};
/* End PBXProject section */

/* Begin PBXResourcesBuildPhase section */
		D1506BAA20052D3C001E072D /* Resources */ = {
			isa = PBXResourcesBuildPhase;
			buildActionMask = 2147483647;
			files = (
				D1506BBA20052D3C001E072D /* LaunchScreen.storyboard in Resources */,
				D1506BB720052D3C001E072D /* Assets.xcassets in Resources */,
				D1506BB520052D3C001E072D /* Main.storyboard in Resources */,
			);
			runOnlyForDeploymentPostprocessing = 0;
		};
		D1506BBE20052D3C001E072D /* Resources */ = {
			isa = PBXResourcesBuildPhase;
			buildActionMask = 2147483647;
			files = (
			);
			runOnlyForDeploymentPostprocessing = 0;
		};
		D1506BC920052D3C001E072D /* Resources */ = {
			isa = PBXResourcesBuildPhase;
			buildActionMask = 2147483647;
			files = (
			);
			runOnlyForDeploymentPostprocessing = 0;
		};
/* End PBXResourcesBuildPhase section */

/* Begin PBXSourcesBuildPhase section */
		D1506BA820052D3C001E072D /* Sources */ = {
			isa = PBXSourcesBuildPhase;
			buildActionMask = 2147483647;
			files = (
				D1506BB220052D3C001E072D /* ViewController.swift in Sources */,
				D1506C1820059084001E072D /* newView.swift in Sources */,
				D1506BB020052D3C001E072D /* AppDelegate.swift in Sources */,
			);
			runOnlyForDeploymentPostprocessing = 0;
		};
		D1506BBC20052D3C001E072D /* Sources */ = {
			isa = PBXSourcesBuildPhase;
			buildActionMask = 2147483647;
			files = (
				D1506BC520052D3C001E072D /* TipCalculatorTests.swift in Sources */,
			);
			runOnlyForDeploymentPostprocessing = 0;
		};
		D1506BC720052D3C001E072D /* Sources */ = {
			isa = PBXSourcesBuildPhase;
			buildActionMask = 2147483647;
			files = (
				D1506BD020052D3C001E072D /* TipCalculatorUITests.swift in Sources */,
			);
			runOnlyForDeploymentPostprocessing = 0;
		};
/* End PBXSourcesBuildPhase section */

/* Begin PBXTargetDependency section */
		D1506BC220052D3C001E072D /* PBXTargetDependency */ = {
			isa = PBXTargetDependency;
			target = D1506BAB20052D3C001E072D /* TipCalculator */;
			targetProxy = D1506BC120052D3C001E072D /* PBXContainerItemProxy */;
		};
		D1506BCD20052D3C001E072D /* PBXTargetDependency */ = {
			isa = PBXTargetDependency;
			target = D1506BAB20052D3C001E072D /* TipCalculator */;
			targetProxy = D1506BCC20052D3C001E072D /* PBXContainerItemProxy */;
		};
/* End PBXTargetDependency section */

/* Begin PBXVariantGroup section */
		D1506BB320052D3C001E072D /* Main.storyboard */ = {
			isa = PBXVariantGroup;
			children = (
				D1506BB420052D3C001E072D /* Base */,
			);
			name = Main.storyboard;
			sourceTree = "<group>";
		};
		D1506BB820052D3C001E072D /* LaunchScreen.storyboard */ = {
			isa = PBXVariantGroup;
			children = (
				D1506BB920052D3C001E072D /* Base */,
			);
			name = LaunchScreen.storyboard;
			sourceTree = "<group>";
		};
/* End PBXVariantGroup section */

/* Begin XCBuildConfiguration section */
		D1506BD220052D3C001E072D /* Debug */ = {
			isa = XCBuildConfiguration;
			buildSettings = {
				ALWAYS_SEARCH_USER_PATHS = NO;
				CLANG_ANALYZER_NONNULL = YES;
				CLANG_ANALYZER_NUMBER_OBJECT_CONVERSION = YES_AGGRESSIVE;
				CLANG_CXX_LANGUAGE_STANDARD = "gnu++14";
				CLANG_CXX_LIBRARY = "libc++";
				CLANG_ENABLE_MODULES = YES;
				CLANG_ENABLE_OBJC_ARC = YES;
				CLANG_WARN_BLOCK_CAPTURE_AUTORELEASING = YES;
				CLANG_WARN_BOOL_CONVERSION = YES;
				CLANG_WARN_COMMA = YES;
				CLANG_WARN_CONSTANT_CONVERSION = YES;
				CLANG_WARN_DIRECT_OBJC_ISA_USAGE = YES_ERROR;
				CLANG_WARN_DOCUMENTATION_COMMENTS = YES;
				CLANG_WARN_EMPTY_BODY = YES;
				CLANG_WARN_ENUM_CONVERSION = YES;
				CLANG_WARN_INFINITE_RECURSION = YES;
				CLANG_WARN_INT_CONVERSION = YES;
				CLANG_WARN_NON_LITERAL_NULL_CONVERSION = YES;
				CLANG_WARN_OBJC_LITERAL_CONVERSION = YES;
				CLANG_WARN_OBJC_ROOT_CLASS = YES_ERROR;
				CLANG_WARN_RANGE_LOOP_ANALYSIS = YES;
				CLANG_WARN_STRICT_PROTOTYPES = YES;
				CLANG_WARN_SUSPICIOUS_MOVE = YES;
				CLANG_WARN_UNGUARDED_AVAILABILITY = YES_AGGRESSIVE;
				CLANG_WARN_UNREACHABLE_CODE = YES;
				CLANG_WARN__DUPLICATE_METHOD_MATCH = YES;
				CODE_SIGN_IDENTITY = "iPhone Developer";
				COPY_PHASE_STRIP = NO;
				DEBUG_INFORMATION_FORMAT = dwarf;
				ENABLE_STRICT_OBJC_MSGSEND = YES;
				ENABLE_TESTABILITY = YES;
				GCC_C_LANGUAGE_STANDARD = gnu11;
				GCC_DYNAMIC_NO_PIC = NO;
				GCC_NO_COMMON_BLOCKS = YES;
				GCC_OPTIMIZATION_LEVEL = 0;
				GCC_PREPROCESSOR_DEFINITIONS = (
					"DEBUG=1",
					"$(inherited)",
				);
				GCC_WARN_64_TO_32_BIT_CONVERSION = YES;
				GCC_WARN_ABOUT_RETURN_TYPE = YES_ERROR;
				GCC_WARN_UNDECLARED_SELECTOR = YES;
				GCC_WARN_UNINITIALIZED_AUTOS = YES_AGGRESSIVE;
				GCC_WARN_UNUSED_FUNCTION = YES;
				GCC_WARN_UNUSED_VARIABLE = YES;
				IPHONEOS_DEPLOYMENT_TARGET = 11.1;
				MTL_ENABLE_DEBUG_INFO = YES;
				ONLY_ACTIVE_ARCH = YES;
				SDKROOT = iphoneos;
				SWIFT_ACTIVE_COMPILATION_CONDITIONS = DEBUG;
				SWIFT_OPTIMIZATION_LEVEL = "-Onone";
			};
			name = Debug;
		};
		D1506BD320052D3C001E072D /* Release */ = {
			isa = XCBuildConfiguration;
			buildSettings = {
				ALWAYS_SEARCH_USER_PATHS = NO;
				CLANG_ANALYZER_NONNULL = YES;
				CLANG_ANALYZER_NUMBER_OBJECT_CONVERSION = YES_AGGRESSIVE;
				CLANG_CXX_LANGUAGE_STANDARD = "gnu++14";
				CLANG_CXX_LIBRARY = "libc++";
				CLANG_ENABLE_MODULES = YES;
				CLANG_ENABLE_OBJC_ARC = YES;
				CLANG_WARN_BLOCK_CAPTURE_AUTORELEASING = YES;
				CLANG_WARN_BOOL_CONVERSION = YES;
				CLANG_WARN_COMMA = YES;
				CLANG_WARN_CONSTANT_CONVERSION = YES;
				CLANG_WARN_DIRECT_OBJC_ISA_USAGE = YES_ERROR;
				CLANG_WARN_DOCUMENTATION_COMMENTS = YES;
				CLANG_WARN_EMPTY_BODY = YES;
				CLANG_WARN_ENUM_CONVERSION = YES;
				CLANG_WARN_INFINITE_RECURSION = YES;
				CLANG_WARN_INT_CONVERSION = YES;
				CLANG_WARN_NON_LITERAL_NULL_CONVERSION = YES;
				CLANG_WARN_OBJC_LITERAL_CONVERSION = YES;
				CLANG_WARN_OBJC_ROOT_CLASS = YES_ERROR;
				CLANG_WARN_RANGE_LOOP_ANALYSIS = YES;
				CLANG_WARN_STRICT_PROTOTYPES = YES;
				CLANG_WARN_SUSPICIOUS_MOVE = YES;
				CLANG_WARN_UNGUARDED_AVAILABILITY = YES_AGGRESSIVE;
				CLANG_WARN_UNREACHABLE_CODE = YES;
				CLANG_WARN__DUPLICATE_METHOD_MATCH = YES;
				CODE_SIGN_IDENTITY = "iPhone Developer";
				COPY_PHASE_STRIP = NO;
				DEBUG_INFORMATION_FORMAT = "dwarf-with-dsym";
				ENABLE_NS_ASSERTIONS = NO;
				ENABLE_STRICT_OBJC_MSGSEND = YES;
				GCC_C_LANGUAGE_STANDARD = gnu11;
				GCC_NO_COMMON_BLOCKS = YES;
				GCC_WARN_64_TO_32_BIT_CONVERSION = YES;
				GCC_WARN_ABOUT_RETURN_TYPE = YES_ERROR;
				GCC_WARN_UNDECLARED_SELECTOR = YES;
				GCC_WARN_UNINITIALIZED_AUTOS = YES_AGGRESSIVE;
				GCC_WARN_UNUSED_FUNCTION = YES;
				GCC_WARN_UNUSED_VARIABLE = YES;
				IPHONEOS_DEPLOYMENT_TARGET = 11.1;
				MTL_ENABLE_DEBUG_INFO = NO;
				SDKROOT = iphoneos;
				SWIFT_OPTIMIZATION_LEVEL = "-Owholemodule";
				VALIDATE_PRODUCT = YES;
			};
			name = Release;
		};
		D1506BD520052D3C001E072D /* Debug */ = {
			isa = XCBuildConfiguration;
			buildSettings = {
				ASSETCATALOG_COMPILER_APPICON_NAME = AppIcon;
				CODE_SIGN_STYLE = Automatic;
				INFOPLIST_FILE = TipCalculator/Info.plist;
				LD_RUNPATH_SEARCH_PATHS = "$(inherited) @executable_path/Frameworks";
				PRODUCT_BUNDLE_IDENTIFIER = pallav.TipCalculator;
				PRODUCT_NAME = "$(TARGET_NAME)";
				SWIFT_VERSION = 4.0;
				TARGETED_DEVICE_FAMILY = "1,2";
			};
			name = Debug;
		};
		D1506BD620052D3C001E072D /* Release */ = {
			isa = XCBuildConfiguration;
			buildSettings = {
				ASSETCATALOG_COMPILER_APPICON_NAME = AppIcon;
				CODE_SIGN_STYLE = Automatic;
				INFOPLIST_FILE = TipCalculator/Info.plist;
				LD_RUNPATH_SEARCH_PATHS = "$(inherited) @executable_path/Frameworks";
				PRODUCT_BUNDLE_IDENTIFIER = pallav.TipCalculator;
				PRODUCT_NAME = "$(TARGET_NAME)";
				SWIFT_VERSION = 4.0;
				TARGETED_DEVICE_FAMILY = "1,2";
			};
			name = Release;
		};
		D1506BD820052D3C001E072D /* Debug */ = {
			isa = XCBuildConfiguration;
			buildSettings = {
				ALWAYS_EMBED_SWIFT_STANDARD_LIBRARIES = YES;
				BUNDLE_LOADER = "$(TEST_HOST)";
				CODE_SIGN_STYLE = Automatic;
				INFOPLIST_FILE = TipCalculatorTests/Info.plist;
				LD_RUNPATH_SEARCH_PATHS = "$(inherited) @executable_path/Frameworks @loader_path/Frameworks";
				PRODUCT_BUNDLE_IDENTIFIER = pallav.TipCalculatorTests;
				PRODUCT_NAME = "$(TARGET_NAME)";
				SWIFT_VERSION = 4.0;
				TARGETED_DEVICE_FAMILY = "1,2";
				TEST_HOST = "$(BUILT_PRODUCTS_DIR)/TipCalculator.app/TipCalculator";
			};
			name = Debug;
		};
		D1506BD920052D3C001E072D /* Release */ = {
			isa = XCBuildConfiguration;
			buildSettings = {
				ALWAYS_EMBED_SWIFT_STANDARD_LIBRARIES = YES;
				BUNDLE_LOADER = "$(TEST_HOST)";
				CODE_SIGN_STYLE = Automatic;
				INFOPLIST_FILE = TipCalculatorTests/Info.plist;
				LD_RUNPATH_SEARCH_PATHS = "$(inherited) @executable_path/Frameworks @loader_path/Frameworks";
				PRODUCT_BUNDLE_IDENTIFIER = pallav.TipCalculatorTests;
				PRODUCT_NAME = "$(TARGET_NAME)";
				SWIFT_VERSION = 4.0;
				TARGETED_DEVICE_FAMILY = "1,2";
				TEST_HOST = "$(BUILT_PRODUCTS_DIR)/TipCalculator.app/TipCalculator";
			};
			name = Release;
		};
		D1506BDB20052D3C001E072D /* Debug */ = {
			isa = XCBuildConfiguration;
			buildSettings = {
				ALWAYS_EMBED_SWIFT_STANDARD_LIBRARIES = YES;
				CODE_SIGN_STYLE = Automatic;
				INFOPLIST_FILE = TipCalculatorUITests/Info.plist;
				LD_RUNPATH_SEARCH_PATHS = "$(inherited) @executable_path/Frameworks @loader_path/Frameworks";
				PRODUCT_BUNDLE_IDENTIFIER = pallav.TipCalculatorUITests;
				PRODUCT_NAME = "$(TARGET_NAME)";
				SWIFT_VERSION = 4.0;
				TARGETED_DEVICE_FAMILY = "1,2";
				TEST_TARGET_NAME = TipCalculator;
			};
			name = Debug;
		};
		D1506BDC20052D3C001E072D /* Release */ = {
			isa = XCBuildConfiguration;
			buildSettings = {
				ALWAYS_EMBED_SWIFT_STANDARD_LIBRARIES = YES;
				CODE_SIGN_STYLE = Automatic;
				INFOPLIST_FILE = TipCalculatorUITests/Info.plist;
				LD_RUNPATH_SEARCH_PATHS = "$(inherited) @executable_path/Frameworks @loader_path/Frameworks";
				PRODUCT_BUNDLE_IDENTIFIER = pallav.TipCalculatorUITests;
				PRODUCT_NAME = "$(TARGET_NAME)";
				SWIFT_VERSION = 4.0;
				TARGETED_DEVICE_FAMILY = "1,2";
				TEST_TARGET_NAME = TipCalculator;
			};
			name = Release;
		};
/* End XCBuildConfiguration section */

/* Begin XCConfigurationList section */
		D1506BA720052D3C001E072D /* Build configuration list for PBXProject "TipCalculator" */ = {
			isa = XCConfigurationList;
			buildConfigurations = (
				D1506BD220052D3C001E072D /* Debug */,
				D1506BD320052D3C001E072D /* Release */,
			);
			defaultConfigurationIsVisible = 0;
			defaultConfigurationName = Release;
		};
		D1506BD420052D3C001E072D /* Build configuration list for PBXNativeTarget "TipCalculator" */ = {
			isa = XCConfigurationList;
			buildConfigurations = (
				D1506BD520052D3C001E072D /* Debug */,
				D1506BD620052D3C001E072D /* Release */,
			);
			defaultConfigurationIsVisible = 0;
			defaultConfigurationName = Release;
		};
		D1506BD720052D3C001E072D /* Build configuration list for PBXNativeTarget "TipCalculatorTests" */ = {
			isa = XCConfigurationList;
			buildConfigurations = (
				D1506BD820052D3C001E072D /* Debug */,
				D1506BD920052D3C001E072D /* Release */,
			);
			defaultConfigurationIsVisible = 0;
			defaultConfigurationName = Release;
		};
		D1506BDA20052D3C001E072D /* Build configuration list for PBXNativeTarget "TipCalculatorUITests" */ = {
			isa = XCConfigurationList;
			buildConfigurations = (
				D1506BDB20052D3C001E072D /* Debug */,
				D1506BDC20052D3C001E072D /* Release */,
			);
			defaultConfigurationIsVisible = 0;
			defaultConfigurationName = Release;
		};
/* End XCConfigurationList section */
	};
	rootObject = D1506BA420052D3C001E072D /* Project object */;
}
